// !$*UTF8*$!
{
	archiveVersion = 1;
	classes = {
	};
	objectVersion = 50;
	objects = {

/* Begin PBXBuildFile section */
		84015E7525B076120002CFEE /* ServiceComponents.swift in Sources */ = {isa = PBXBuildFile; fileRef = 84015E7425B076120002CFEE /* ServiceComponents.swift */; };
		84015E7825B076830002CFEE /* ViewControllerComponents.swift in Sources */ = {isa = PBXBuildFile; fileRef = 84015E7725B076830002CFEE /* ViewControllerComponents.swift */; };
		845BA3BF25B0724200A24E69 /* AppDelegate.swift in Sources */ = {isa = PBXBuildFile; fileRef = 845BA3BE25B0724200A24E69 /* AppDelegate.swift */; };
		845BA3C125B0724200A24E69 /* SceneDelegate.swift in Sources */ = {isa = PBXBuildFile; fileRef = 845BA3C025B0724200A24E69 /* SceneDelegate.swift */; };
		845BA3C325B0724200A24E69 /* HomeViewController.swift in Sources */ = {isa = PBXBuildFile; fileRef = 845BA3C225B0724200A24E69 /* HomeViewController.swift */; };
		845BA3C925B0724200A24E69 /* DI_Example.xcdatamodeld in Sources */ = {isa = PBXBuildFile; fileRef = 845BA3C725B0724200A24E69 /* DI_Example.xcdatamodeld */; };
		845BA3CB25B0724300A24E69 /* Assets.xcassets in Resources */ = {isa = PBXBuildFile; fileRef = 845BA3CA25B0724300A24E69 /* Assets.xcassets */; };
		845BA3CE25B0724300A24E69 /* LaunchScreen.storyboard in Resources */ = {isa = PBXBuildFile; fileRef = 845BA3CC25B0724300A24E69 /* LaunchScreen.storyboard */; };
		845BA3DC25B072A200A24E69 /* AuthService.swift in Sources */ = {isa = PBXBuildFile; fileRef = 845BA3DB25B072A200A24E69 /* AuthService.swift */; };
		845BA3E025B072E600A24E69 /* PostService.swift in Sources */ = {isa = PBXBuildFile; fileRef = 845BA3DF25B072E600A24E69 /* PostService.swift */; };
		845BA3E325B0731C00A24E69 /* LoginViewController.swift in Sources */ = {isa = PBXBuildFile; fileRef = 845BA3E225B0731C00A24E69 /* LoginViewController.swift */; };
/* End PBXBuildFile section */

/* Begin PBXFileReference section */
		84015E7425B076120002CFEE /* ServiceComponents.swift */ = {isa = PBXFileReference; lastKnownFileType = sourcecode.swift; path = ServiceComponents.swift; sourceTree = "<group>"; };
		84015E7725B076830002CFEE /* ViewControllerComponents.swift */ = {isa = PBXFileReference; lastKnownFileType = sourcecode.swift; path = ViewControllerComponents.swift; sourceTree = "<group>"; };
		845BA3BB25B0724200A24E69 /* DI-Example.app */ = {isa = PBXFileReference; explicitFileType = wrapper.application; includeInIndex = 0; path = "DI-Example.app"; sourceTree = BUILT_PRODUCTS_DIR; };
		845BA3BE25B0724200A24E69 /* AppDelegate.swift */ = {isa = PBXFileReference; lastKnownFileType = sourcecode.swift; path = AppDelegate.swift; sourceTree = "<group>"; };
		845BA3C025B0724200A24E69 /* SceneDelegate.swift */ = {isa = PBXFileReference; lastKnownFileType = sourcecode.swift; path = SceneDelegate.swift; sourceTree = "<group>"; };
		845BA3C225B0724200A24E69 /* HomeViewController.swift */ = {isa = PBXFileReference; lastKnownFileType = sourcecode.swift; path = HomeViewController.swift; sourceTree = "<group>"; };
		845BA3C825B0724200A24E69 /* DI_Example.xcdatamodel */ = {isa = PBXFileReference; lastKnownFileType = wrapper.xcdatamodel; path = DI_Example.xcdatamodel; sourceTree = "<group>"; };
		845BA3CA25B0724300A24E69 /* Assets.xcassets */ = {isa = PBXFileReference; lastKnownFileType = folder.assetcatalog; path = Assets.xcassets; sourceTree = "<group>"; };
		845BA3CD25B0724300A24E69 /* Base */ = {isa = PBXFileReference; lastKnownFileType = file.storyboard; name = Base; path = Base.lproj/LaunchScreen.storyboard; sourceTree = "<group>"; };
		845BA3CF25B0724300A24E69 /* Info.plist */ = {isa = PBXFileReference; lastKnownFileType = text.plist.xml; path = Info.plist; sourceTree = "<group>"; };
		845BA3DB25B072A200A24E69 /* AuthService.swift */ = {isa = PBXFileReference; lastKnownFileType = sourcecode.swift; path = AuthService.swift; sourceTree = "<group>"; };
		845BA3DF25B072E600A24E69 /* PostService.swift */ = {isa = PBXFileReference; lastKnownFileType = sourcecode.swift; path = PostService.swift; sourceTree = "<group>"; };
		845BA3E225B0731C00A24E69 /* LoginViewController.swift */ = {isa = PBXFileReference; lastKnownFileType = sourcecode.swift; path = LoginViewController.swift; sourceTree = "<group>"; };
/* End PBXFileReference section */

/* Begin PBXFrameworksBuildPhase section */
		845BA3B825B0724200A24E69 /* Frameworks */ = {
			isa = PBXFrameworksBuildPhase;
			buildActionMask = 2147483647;
			files = (
			);
			runOnlyForDeploymentPostprocessing = 0;
		};
/* End PBXFrameworksBuildPhase section */

/* Begin PBXGroup section */
		845BA3B225B0724200A24E69 = {
			isa = PBXGroup;
			children = (
				845BA3BD25B0724200A24E69 /* DI-Example */,
				845BA3BC25B0724200A24E69 /* Products */,
			);
			sourceTree = "<group>";
		};
		845BA3BC25B0724200A24E69 /* Products */ = {
			isa = PBXGroup;
			children = (
				845BA3BB25B0724200A24E69 /* DI-Example.app */,
			);
			name = Products;
			sourceTree = "<group>";
		};
		845BA3BD25B0724200A24E69 /* DI-Example */ = {
			isa = PBXGroup;
			children = (
				845BA3DA25B0727C00A24E69 /* Core */,
				845BA3D925B0727500A24E69 /* Service */,
				845BA3D825B0726D00A24E69 /* Presentation */,
				845BA3D725B0726800A24E69 /* Others */,
				845BA3CF25B0724300A24E69 /* Info.plist */,
				845BA3C725B0724200A24E69 /* DI_Example.xcdatamodeld */,
			);
			path = "DI-Example";
			sourceTree = "<group>";
		};
		845BA3D725B0726800A24E69 /* Others */ = {
			isa = PBXGroup;
			children = (
				845BA3CA25B0724300A24E69 /* Assets.xcassets */,
				845BA3CC25B0724300A24E69 /* LaunchScreen.storyboard */,
				845BA3BE25B0724200A24E69 /* AppDelegate.swift */,
				845BA3C025B0724200A24E69 /* SceneDelegate.swift */,
			);
			path = Others;
			sourceTree = "<group>";
		};
		845BA3D825B0726D00A24E69 /* Presentation */ = {
			isa = PBXGroup;
			children = (
				845BA3C225B0724200A24E69 /* HomeViewController.swift */,
				845BA3E225B0731C00A24E69 /* LoginViewController.swift */,
				84015E7725B076830002CFEE /* ViewControllerComponents.swift */,
			);
			path = Presentation;
			sourceTree = "<group>";
		};
		845BA3D925B0727500A24E69 /* Service */ = {
			isa = PBXGroup;
			children = (
				845BA3DB25B072A200A24E69 /* AuthService.swift */,
				845BA3DF25B072E600A24E69 /* PostService.swift */,
				84015E7425B076120002CFEE /* ServiceComponents.swift */,
			);
			path = Service;
			sourceTree = "<group>";
		};
		845BA3DA25B0727C00A24E69 /* Core */ = {
			isa = PBXGroup;
			children = (
			);
			path = Core;
			sourceTree = "<group>";
		};
/* End PBXGroup section */

/* Begin PBXNativeTarget section */
		845BA3BA25B0724200A24E69 /* DI-Example */ = {
			isa = PBXNativeTarget;
			buildConfigurationList = 845BA3D225B0724300A24E69 /* Build configuration list for PBXNativeTarget "DI-Example" */;
			buildPhases = (
				845BA3B725B0724200A24E69 /* Sources */,
				845BA3B825B0724200A24E69 /* Frameworks */,
				845BA3B925B0724200A24E69 /* Resources */,
			);
			buildRules = (
			);
			dependencies = (
			);
			name = "DI-Example";
			productName = "DI-Example";
			productReference = 845BA3BB25B0724200A24E69 /* DI-Example.app */;
			productType = "com.apple.product-type.application";
		};
/* End PBXNativeTarget section */

/* Begin PBXProject section */
		845BA3B325B0724200A24E69 /* Project object */ = {
			isa = PBXProject;
			attributes = {
				LastSwiftUpdateCheck = 1220;
				LastUpgradeCheck = 1220;
				TargetAttributes = {
					845BA3BA25B0724200A24E69 = {
						CreatedOnToolsVersion = 12.2;
					};
				};
			};
			buildConfigurationList = 845BA3B625B0724200A24E69 /* Build configuration list for PBXProject "DI-Example" */;
			compatibilityVersion = "Xcode 9.3";
			developmentRegion = en;
			hasScannedForEncodings = 0;
			knownRegions = (
				en,
				Base,
			);
			mainGroup = 845BA3B225B0724200A24E69;
			productRefGroup = 845BA3BC25B0724200A24E69 /* Products */;
			projectDirPath = "";
			projectRoot = "";
			targets = (
				845BA3BA25B0724200A24E69 /* DI-Example */,
			);
		};
/* End PBXProject section */

/* Begin PBXResourcesBuildPhase section */
		845BA3B925B0724200A24E69 /* Resources */ = {
			isa = PBXResourcesBuildPhase;
			buildActionMask = 2147483647;
			files = (
				845BA3CE25B0724300A24E69 /* LaunchScreen.storyboard in Resources */,
				845BA3CB25B0724300A24E69 /* Assets.xcassets in Resources */,
			);
			runOnlyForDeploymentPostprocessing = 0;
		};
/* End PBXResourcesBuildPhase section */

/* Begin PBXSourcesBuildPhase section */
		845BA3B725B0724200A24E69 /* Sources */ = {
			isa = PBXSourcesBuildPhase;
			buildActionMask = 2147483647;
			files = (
				845BA3E325B0731C00A24E69 /* LoginViewController.swift in Sources */,
				84015E7525B076120002CFEE /* ServiceComponents.swift in Sources */,
				845BA3C325B0724200A24E69 /* HomeViewController.swift in Sources */,
				845BA3E025B072E600A24E69 /* PostService.swift in Sources */,
				845BA3BF25B0724200A24E69 /* AppDelegate.swift in Sources */,
				845BA3DC25B072A200A24E69 /* AuthService.swift in Sources */,
				84015E7825B076830002CFEE /* ViewControllerComponents.swift in Sources */,
				845BA3C125B0724200A24E69 /* SceneDelegate.swift in Sources */,
				845BA3C925B0724200A24E69 /* DI_Example.xcdatamodeld in Sources */,
			);
			runOnlyForDeploymentPostprocessing = 0;
		};
/* End PBXSourcesBuildPhase section */

/* Begin PBXVariantGroup section */
		845BA3CC25B0724300A24E69 /* LaunchScreen.storyboard */ = {
			isa = PBXVariantGroup;
			children = (
				845BA3CD25B0724300A24E69 /* Base */,
			);
			name = LaunchScreen.storyboard;
			sourceTree = "<group>";
		};
/* End PBXVariantGroup section */

/* Begin XCBuildConfiguration section */
		845BA3D025B0724300A24E69 /* Debug */ = {
			isa = XCBuildConfiguration;
			buildSettings = {
				ALWAYS_SEARCH_USER_PATHS = NO;
				CLANG_ANALYZER_NONNULL = YES;
				CLANG_ANALYZER_NUMBER_OBJECT_CONVERSION = YES_AGGRESSIVE;
				CLANG_CXX_LANGUAGE_STANDARD = "gnu++14";
				CLANG_CXX_LIBRARY = "libc++";
				CLANG_ENABLE_MODULES = YES;
				CLANG_ENABLE_OBJC_ARC = YES;
				CLANG_ENABLE_OBJC_WEAK = YES;
				CLANG_WARN_BLOCK_CAPTURE_AUTORELEASING = YES;
				CLANG_WARN_BOOL_CONVERSION = YES;
				CLANG_WARN_COMMA = YES;
				CLANG_WARN_CONSTANT_CONVERSION = YES;
				CLANG_WARN_DEPRECATED_OBJC_IMPLEMENTATIONS = YES;
				CLANG_WARN_DIRECT_OBJC_ISA_USAGE = YES_ERROR;
				CLANG_WARN_DOCUMENTATION_COMMENTS = YES;
				CLANG_WARN_EMPTY_BODY = YES;
				CLANG_WARN_ENUM_CONVERSION = YES;
				CLANG_WARN_INFINITE_RECURSION = YES;
				CLANG_WARN_INT_CONVERSION = YES;
				CLANG_WARN_NON_LITERAL_NULL_CONVERSION = YES;
				CLANG_WARN_OBJC_IMPLICIT_RETAIN_SELF = YES;
				CLANG_WARN_OBJC_LITERAL_CONVERSION = YES;
				CLANG_WARN_OBJC_ROOT_CLASS = YES_ERROR;
				CLANG_WARN_QUOTED_INCLUDE_IN_FRAMEWORK_HEADER = YES;
				CLANG_WARN_RANGE_LOOP_ANALYSIS = YES;
				CLANG_WARN_STRICT_PROTOTYPES = YES;
				CLANG_WARN_SUSPICIOUS_MOVE = YES;
				CLANG_WARN_UNGUARDED_AVAILABILITY = YES_AGGRESSIVE;
				CLANG_WARN_UNREACHABLE_CODE = YES;
				CLANG_WARN__DUPLICATE_METHOD_MATCH = YES;
				COPY_PHASE_STRIP = NO;
				DEBUG_INFORMATION_FORMAT = dwarf;
				ENABLE_STRICT_OBJC_MSGSEND = YES;
				ENABLE_TESTABILITY = YES;
				GCC_C_LANGUAGE_STANDARD = gnu11;
				GCC_DYNAMIC_NO_PIC = NO;
				GCC_NO_COMMON_BLOCKS = YES;
				GCC_OPTIMIZATION_LEVEL = 0;
				GCC_PREPROCESSOR_DEFINITIONS = (
					"DEBUG=1",
					"$(inherited)",
				);
				GCC_WARN_64_TO_32_BIT_CONVERSION = YES;
				GCC_WARN_ABOUT_RETURN_TYPE = YES_ERROR;
				GCC_WARN_UNDECLARED_SELECTOR = YES;
				GCC_WARN_UNINITIALIZED_AUTOS = YES_AGGRESSIVE;
				GCC_WARN_UNUSED_FUNCTION = YES;
				GCC_WARN_UNUSED_VARIABLE = YES;
				IPHONEOS_DEPLOYMENT_TARGET = 14.2;
				MTL_ENABLE_DEBUG_INFO = INCLUDE_SOURCE;
				MTL_FAST_MATH = YES;
				ONLY_ACTIVE_ARCH = YES;
				SDKROOT = iphoneos;
				SWIFT_ACTIVE_COMPILATION_CONDITIONS = DEBUG;
				SWIFT_OPTIMIZATION_LEVEL = "-Onone";
			};
			name = Debug;
		};
		845BA3D125B0724300A24E69 /* Release */ = {
			isa = XCBuildConfiguration;
			buildSettings = {
				ALWAYS_SEARCH_USER_PATHS = NO;
				CLANG_ANALYZER_NONNULL = YES;
				CLANG_ANALYZER_NUMBER_OBJECT_CONVERSION = YES_AGGRESSIVE;
				CLANG_CXX_LANGUAGE_STANDARD = "gnu++14";
				CLANG_CXX_LIBRARY = "libc++";
				CLANG_ENABLE_MODULES = YES;
				CLANG_ENABLE_OBJC_ARC = YES;
				CLANG_ENABLE_OBJC_WEAK = YES;
				CLANG_WARN_BLOCK_CAPTURE_AUTORELEASING = YES;
				CLANG_WARN_BOOL_CONVERSION = YES;
				CLANG_WARN_COMMA = YES;
				CLANG_WARN_CONSTANT_CONVERSION = YES;
				CLANG_WARN_DEPRECATED_OBJC_IMPLEMENTATIONS = YES;
				CLANG_WARN_DIRECT_OBJC_ISA_USAGE = YES_ERROR;
				CLANG_WARN_DOCUMENTATION_COMMENTS = YES;
				CLANG_WARN_EMPTY_BODY = YES;
				CLANG_WARN_ENUM_CONVERSION = YES;
				CLANG_WARN_INFINITE_RECURSION = YES;
				CLANG_WARN_INT_CONVERSION = YES;
				CLANG_WARN_NON_LITERAL_NULL_CONVERSION = YES;
				CLANG_WARN_OBJC_IMPLICIT_RETAIN_SELF = YES;
				CLANG_WARN_OBJC_LITERAL_CONVERSION = YES;
				CLANG_WARN_OBJC_ROOT_CLASS = YES_ERROR;
				CLANG_WARN_QUOTED_INCLUDE_IN_FRAMEWORK_HEADER = YES;
				CLANG_WARN_RANGE_LOOP_ANALYSIS = YES;
				CLANG_WARN_STRICT_PROTOTYPES = YES;
				CLANG_WARN_SUSPICIOUS_MOVE = YES;
				CLANG_WARN_UNGUARDED_AVAILABILITY = YES_AGGRESSIVE;
				CLANG_WARN_UNREACHABLE_CODE = YES;
				CLANG_WARN__DUPLICATE_METHOD_MATCH = YES;
				COPY_PHASE_STRIP = NO;
				DEBUG_INFORMATION_FORMAT = "dwarf-with-dsym";
				ENABLE_NS_ASSERTIONS = NO;
				ENABLE_STRICT_OBJC_MSGSEND = YES;
				GCC_C_LANGUAGE_STANDARD = gnu11;
				GCC_NO_COMMON_BLOCKS = YES;
				GCC_WARN_64_TO_32_BIT_CONVERSION = YES;
				GCC_WARN_ABOUT_RETURN_TYPE = YES_ERROR;
				GCC_WARN_UNDECLARED_SELECTOR = YES;
				GCC_WARN_UNINITIALIZED_AUTOS = YES_AGGRESSIVE;
				GCC_WARN_UNUSED_FUNCTION = YES;
				GCC_WARN_UNUSED_VARIABLE = YES;
				IPHONEOS_DEPLOYMENT_TARGET = 14.2;
				MTL_ENABLE_DEBUG_INFO = NO;
				MTL_FAST_MATH = YES;
				SDKROOT = iphoneos;
				SWIFT_COMPILATION_MODE = wholemodule;
				SWIFT_OPTIMIZATION_LEVEL = "-O";
				VALIDATE_PRODUCT = YES;
			};
			name = Release;
		};
		845BA3D325B0724300A24E69 /* Debug */ = {
			isa = XCBuildConfiguration;
			buildSettings = {
				ASSETCATALOG_COMPILER_APPICON_NAME = AppIcon;
				ASSETCATALOG_COMPILER_GLOBAL_ACCENT_COLOR_NAME = AccentColor;
				CODE_SIGN_STYLE = Automatic;
				INFOPLIST_FILE = "DI-Example/Info.plist";
				LD_RUNPATH_SEARCH_PATHS = (
					"$(inherited)",
					"@executable_path/Frameworks",
				);
				PRODUCT_BUNDLE_IDENTIFIER = "OneLab.DI-Example";
				PRODUCT_NAME = "$(TARGET_NAME)";
				SWIFT_VERSION = 5.0;
				TARGETED_DEVICE_FAMILY = "1,2";
			};
			name = Debug;
		};
		845BA3D425B0724300A24E69 /* Release */ = {
			isa = XCBuildConfiguration;
			buildSettings = {
				ASSETCATALOG_COMPILER_APPICON_NAME = AppIcon;
				ASSETCATALOG_COMPILER_GLOBAL_ACCENT_COLOR_NAME = AccentColor;
				CODE_SIGN_STYLE = Automatic;
				INFOPLIST_FILE = "DI-Example/Info.plist";
				LD_RUNPATH_SEARCH_PATHS = (
					"$(inherited)",
					"@executable_path/Frameworks",
				);
				PRODUCT_BUNDLE_IDENTIFIER = "OneLab.DI-Example";
				PRODUCT_NAME = "$(TARGET_NAME)";
				SWIFT_VERSION = 5.0;
				TARGETED_DEVICE_FAMILY = "1,2";
			};
			name = Release;
		};
/* End XCBuildConfiguration section */

/* Begin XCConfigurationList section */
		845BA3B625B0724200A24E69 /* Build configuration list for PBXProject "DI-Example" */ = {
			isa = XCConfigurationList;
			buildConfigurations = (
				845BA3D025B0724300A24E69 /* Debug */,
				845BA3D125B0724300A24E69 /* Release */,
			);
			defaultConfigurationIsVisible = 0;
			defaultConfigurationName = Release;
		};
		845BA3D225B0724300A24E69 /* Build configuration list for PBXNativeTarget "DI-Example" */ = {
			isa = XCConfigurationList;
			buildConfigurations = (
				845BA3D325B0724300A24E69 /* Debug */,
				845BA3D425B0724300A24E69 /* Release */,
			);
			defaultConfigurationIsVisible = 0;
			defaultConfigurationName = Release;
		};
/* End XCConfigurationList section */

/* Begin XCVersionGroup section */
		845BA3C725B0724200A24E69 /* DI_Example.xcdatamodeld */ = {
			isa = XCVersionGroup;
			children = (
				845BA3C825B0724200A24E69 /* DI_Example.xcdatamodel */,
			);
			currentVersion = 845BA3C825B0724200A24E69 /* DI_Example.xcdatamodel */;
			path = DI_Example.xcdatamodeld;
			sourceTree = "<group>";
			versionGroupType = wrapper.xcdatamodel;
		};
/* End XCVersionGroup section */
	};
	rootObject = 845BA3B325B0724200A24E69 /* Project object */;
}
